
Microsoft Visual Studio Solution File, Format Version 12.00
# Visual Studio 15
VisualStudioVersion = 15.0.27004.2005
MinimumVisualStudioVersion = 10.0.40219.1
Project("{D954291E-2A0B-460D-934E-DC6B0785DB48}") = "App2", "App2\App2\App2.shproj", "{7F919641-3A4F-4196-9195-95AA45929C70}"
EndProject
Project("{FAE04EC0-301F-11D3-BF4B-00C04F79EFBC}") = "App2.Android", "App2\App2.Android\App2.Android.csproj", "{5455A63D-DD0C-4A56-97B9-B92FC30500CD}"
EndProject
Project("{FAE04EC0-301F-11D3-BF4B-00C04F79EFBC}") = "App2.iOS", "App2\App2.iOS\App2.iOS.csproj", "{514EFFBF-F65F-438A-90A6-1FFE068431F4}"
EndProject
Project("{FAE04EC0-301F-11D3-BF4B-00C04F79EFBC}") = "App2.UWP", "App2\App2.UWP\App2.UWP.csproj", "{2BAE9A2B-F790-425C-96FE-7B0CDC3BD9AC}"
EndProject
Global
	GlobalSection(SharedMSBuildProjectFiles) = preSolution
		App2\App2\App2.projitems*{2bae9a2b-f790-425c-96fe-7b0cdc3bd9ac}*SharedItemsImports = 4
		App2\App2\App2.projitems*{514effbf-f65f-438a-90a6-1ffe068431f4}*SharedItemsImports = 4
		App2\App2\App2.projitems*{5455a63d-dd0c-4a56-97b9-b92fc30500cd}*SharedItemsImports = 4
		App2\App2\App2.projitems*{7f919641-3a4f-4196-9195-95aa45929c70}*SharedItemsImports = 13
	EndGlobalSection
	GlobalSection(SolutionConfigurationPlatforms) = preSolution
		Ad-Hoc|Any CPU = Ad-Hoc|Any CPU
		Ad-Hoc|ARM = Ad-Hoc|ARM
		Ad-Hoc|iPhone = Ad-Hoc|iPhone
		Ad-Hoc|iPhoneSimulator = Ad-Hoc|iPhoneSimulator
		Ad-Hoc|x64 = Ad-Hoc|x64
		Ad-Hoc|x86 = Ad-Hoc|x86
		AppStore|Any CPU = AppStore|Any CPU
		AppStore|ARM = AppStore|ARM
		AppStore|iPhone = AppStore|iPhone
		AppStore|iPhoneSimulator = AppStore|iPhoneSimulator
		AppStore|x64 = AppStore|x64
		AppStore|x86 = AppStore|x86
		Debug|Any CPU = Debug|Any CPU
		Debug|ARM = Debug|ARM
		Debug|iPhone = Debug|iPhone
		Debug|iPhoneSimulator = Debug|iPhoneSimulator
		Debug|x64 = Debug|x64
		Debug|x86 = Debug|x86
		Release|Any CPU = Release|Any CPU
		Release|ARM = Release|ARM
		Release|iPhone = Release|iPhone
		Release|iPhoneSimulator = Release|iPhoneSimulator
		Release|x64 = Release|x64
		Release|x86 = Release|x86
	EndGlobalSection
	GlobalSection(ProjectConfigurationPlatforms) = postSolution
		{5455A63D-DD0C-4A56-97B9-B92FC30500CD}.Ad-Hoc|Any CPU.ActiveCfg = Release|Any CPU
		{5455A63D-DD0C-4A56-97B9-B92FC30500CD}.Ad-Hoc|Any CPU.Build.0 = Release|Any CPU
		{5455A63D-DD0C-4A56-97B9-B92FC30500CD}.Ad-Hoc|Any CPU.Deploy.0 = Release|Any CPU
		{5455A63D-DD0C-4A56-97B9-B92FC30500CD}.Ad-Hoc|ARM.ActiveCfg = Release|Any CPU
		{5455A63D-DD0C-4A56-97B9-B92FC30500CD}.Ad-Hoc|ARM.Build.0 = Release|Any CPU
		{5455A63D-DD0C-4A56-97B9-B92FC30500CD}.Ad-Hoc|ARM.Deploy.0 = Release|Any CPU
		{5455A63D-DD0C-4A56-97B9-B92FC30500CD}.Ad-Hoc|iPhone.ActiveCfg = Release|Any CPU
		{5455A63D-DD0C-4A56-97B9-B92FC30500CD}.Ad-Hoc|iPhone.Build.0 = Release|Any CPU
		{5455A63D-DD0C-4A56-97B9-B92FC30500CD}.Ad-Hoc|iPhone.Deploy.0 = Release|Any CPU
		{5455A63D-DD0C-4A56-97B9-B92FC30500CD}.Ad-Hoc|iPhoneSimulator.ActiveCfg = Release|Any CPU
		{5455A63D-DD0C-4A56-97B9-B92FC30500CD}.Ad-Hoc|iPhoneSimulator.Build.0 = Release|Any CPU
		{5455A63D-DD0C-4A56-97B9-B92FC30500CD}.Ad-Hoc|iPhoneSimulator.Deploy.0 = Release|Any CPU
		{5455A63D-DD0C-4A56-97B9-B92FC30500CD}.Ad-Hoc|x64.ActiveCfg = Release|Any CPU
		{5455A63D-DD0C-4A56-97B9-B92FC30500CD}.Ad-Hoc|x64.Build.0 = Release|Any CPU
		{5455A63D-DD0C-4A56-97B9-B92FC30500CD}.Ad-Hoc|x64.Deploy.0 = Release|Any CPU
		{5455A63D-DD0C-4A56-97B9-B92FC30500CD}.Ad-Hoc|x86.ActiveCfg = Release|Any CPU
		{5455A63D-DD0C-4A56-97B9-B92FC30500CD}.Ad-Hoc|x86.Build.0 = Release|Any CPU
		{5455A63D-DD0C-4A56-97B9-B92FC30500CD}.Ad-Hoc|x86.Deploy.0 = Release|Any CPU
		{5455A63D-DD0C-4A56-97B9-B92FC30500CD}.AppStore|Any CPU.ActiveCfg = Release|Any CPU
		{5455A63D-DD0C-4A56-97B9-B92FC30500CD}.AppStore|Any CPU.Build.0 = Release|Any CPU
		{5455A63D-DD0C-4A56-97B9-B92FC30500CD}.AppStore|Any CPU.Deploy.0 = Release|Any CPU
		{5455A63D-DD0C-4A56-97B9-B92FC30500CD}.AppStore|ARM.ActiveCfg = Release|Any CPU
		{5455A63D-DD0C-4A56-97B9-B92FC30500CD}.AppStore|ARM.Build.0 = Release|Any CPU
		{5455A63D-DD0C-4A56-97B9-B92FC30500CD}.AppStore|ARM.Deploy.0 = Release|Any CPU
		{5455A63D-DD0C-4A56-97B9-B92FC30500CD}.AppStore|iPhone.ActiveCfg = Release|Any CPU
		{5455A63D-DD0C-4A56-97B9-B92FC30500CD}.AppStore|iPhone.Build.0 = Release|Any CPU
		{5455A63D-DD0C-4A56-97B9-B92FC30500CD}.AppStore|iPhone.Deploy.0 = Release|Any CPU
		{5455A63D-DD0C-4A56-97B9-B92FC30500CD}.AppStore|iPhoneSimulator.ActiveCfg = Release|Any CPU
		{5455A63D-DD0C-4A56-97B9-B92FC30500CD}.AppStore|iPhoneSimulator.Build.0 = Release|Any CPU
		{5455A63D-DD0C-4A56-97B9-B92FC30500CD}.AppStore|iPhoneSimulator.Deploy.0 = Release|Any CPU
		{5455A63D-DD0C-4A56-97B9-B92FC30500CD}.AppStore|x64.ActiveCfg = Release|Any CPU
		{5455A63D-DD0C-4A56-97B9-B92FC30500CD}.AppStore|x64.Build.0 = Release|Any CPU
		{5455A63D-DD0C-4A56-97B9-B92FC30500CD}.AppStore|x64.Deploy.0 = Release|Any CPU
		{5455A63D-DD0C-4A56-97B9-B92FC30500CD}.AppStore|x86.ActiveCfg = Release|Any CPU
		{5455A63D-DD0C-4A56-97B9-B92FC30500CD}.AppStore|x86.Build.0 = Release|Any CPU
		{5455A63D-DD0C-4A56-97B9-B92FC30500CD}.AppStore|x86.Deploy.0 = Release|Any CPU
		{5455A63D-DD0C-4A56-97B9-B92FC30500CD}.Debug|Any CPU.ActiveCfg = Debug|Any CPU
		{5455A63D-DD0C-4A56-97B9-B92FC30500CD}.Debug|Any CPU.Build.0 = Debug|Any CPU
		{5455A63D-DD0C-4A56-97B9-B92FC30500CD}.Debug|Any CPU.Deploy.0 = Debug|Any CPU
		{5455A63D-DD0C-4A56-97B9-B92FC30500CD}.Debug|ARM.ActiveCfg = Debug|Any CPU
		{5455A63D-DD0C-4A56-97B9-B92FC30500CD}.Debug|ARM.Build.0 = Debug|Any CPU
		{5455A63D-DD0C-4A56-97B9-B92FC30500CD}.Debug|ARM.Deploy.0 = Debug|Any CPU
		{5455A63D-DD0C-4A56-97B9-B92FC30500CD}.Debug|iPhone.ActiveCfg = Debug|Any CPU
		{5455A63D-DD0C-4A56-97B9-B92FC30500CD}.Debug|iPhone.Build.0 = Debug|Any CPU
		{5455A63D-DD0C-4A56-97B9-B92FC30500CD}.Debug|iPhone.Deploy.0 = Debug|Any CPU
		{5455A63D-DD0C-4A56-97B9-B92FC30500CD}.Debug|iPhoneSimulator.ActiveCfg = Debug|Any CPU
		{5455A63D-DD0C-4A56-97B9-B92FC30500CD}.Debug|iPhoneSimulator.Build.0 = Debug|Any CPU
		{5455A63D-DD0C-4A56-97B9-B92FC30500CD}.Debug|iPhoneSimulator.Deploy.0 = Debug|Any CPU
		{5455A63D-DD0C-4A56-97B9-B92FC30500CD}.Debug|x64.ActiveCfg = Debug|Any CPU
		{5455A63D-DD0C-4A56-97B9-B92FC30500CD}.Debug|x64.Build.0 = Debug|Any CPU
		{5455A63D-DD0C-4A56-97B9-B92FC30500CD}.Debug|x64.Deploy.0 = Debug|Any CPU
		{5455A63D-DD0C-4A56-97B9-B92FC30500CD}.Debug|x86.ActiveCfg = Debug|Any CPU
		{5455A63D-DD0C-4A56-97B9-B92FC30500CD}.Debug|x86.Build.0 = Debug|Any CPU
		{5455A63D-DD0C-4A56-97B9-B92FC30500CD}.Debug|x86.Deploy.0 = Debug|Any CPU
		{5455A63D-DD0C-4A56-97B9-B92FC30500CD}.Release|Any CPU.ActiveCfg = Release|Any CPU
		{5455A63D-DD0C-4A56-97B9-B92FC30500CD}.Release|Any CPU.Build.0 = Release|Any CPU
		{5455A63D-DD0C-4A56-97B9-B92FC30500CD}.Release|Any CPU.Deploy.0 = Release|Any CPU
		{5455A63D-DD0C-4A56-97B9-B92FC30500CD}.Release|ARM.ActiveCfg = Release|Any CPU
		{5455A63D-DD0C-4A56-97B9-B92FC30500CD}.Release|ARM.Build.0 = Release|Any CPU
		{5455A63D-DD0C-4A56-97B9-B92FC30500CD}.Release|ARM.Deploy.0 = Release|Any CPU
		{5455A63D-DD0C-4A56-97B9-B92FC30500CD}.Release|iPhone.ActiveCfg = Release|Any CPU
		{5455A63D-DD0C-4A56-97B9-B92FC30500CD}.Release|iPhone.Build.0 = Release|Any CPU
		{5455A63D-DD0C-4A56-97B9-B92FC30500CD}.Release|iPhone.Deploy.0 = Release|Any CPU
		{5455A63D-DD0C-4A56-97B9-B92FC30500CD}.Release|iPhoneSimulator.ActiveCfg = Release|Any CPU
		{5455A63D-DD0C-4A56-97B9-B92FC30500CD}.Release|iPhoneSimulator.Build.0 = Release|Any CPU
		{5455A63D-DD0C-4A56-97B9-B92FC30500CD}.Release|iPhoneSimulator.Deploy.0 = Release|Any CPU
		{5455A63D-DD0C-4A56-97B9-B92FC30500CD}.Release|x64.ActiveCfg = Release|Any CPU
		{5455A63D-DD0C-4A56-97B9-B92FC30500CD}.Release|x64.Build.0 = Release|Any CPU
		{5455A63D-DD0C-4A56-97B9-B92FC30500CD}.Release|x64.Deploy.0 = Release|Any CPU
		{5455A63D-DD0C-4A56-97B9-B92FC30500CD}.Release|x86.ActiveCfg = Release|Any CPU
		{5455A63D-DD0C-4A56-97B9-B92FC30500CD}.Release|x86.Build.0 = Release|Any CPU
		{5455A63D-DD0C-4A56-97B9-B92FC30500CD}.Release|x86.Deploy.0 = Release|Any CPU
		{514EFFBF-F65F-438A-90A6-1FFE068431F4}.Ad-Hoc|Any CPU.ActiveCfg = Ad-Hoc|iPhoneSimulator
		{514EFFBF-F65F-438A-90A6-1FFE068431F4}.Ad-Hoc|ARM.ActiveCfg = Ad-Hoc|iPhone
		{514EFFBF-F65F-438A-90A6-1FFE068431F4}.Ad-Hoc|iPhone.ActiveCfg = Ad-Hoc|iPhone
		{514EFFBF-F65F-438A-90A6-1FFE068431F4}.Ad-Hoc|iPhone.Build.0 = Ad-Hoc|iPhone
		{514EFFBF-F65F-438A-90A6-1FFE068431F4}.Ad-Hoc|iPhoneSimulator.ActiveCfg = Ad-Hoc|iPhoneSimulator
		{514EFFBF-F65F-438A-90A6-1FFE068431F4}.Ad-Hoc|iPhoneSimulator.Build.0 = Ad-Hoc|iPhoneSimulator
		{514EFFBF-F65F-438A-90A6-1FFE068431F4}.Ad-Hoc|x64.ActiveCfg = Ad-Hoc|iPhone
		{514EFFBF-F65F-438A-90A6-1FFE068431F4}.Ad-Hoc|x86.ActiveCfg = Ad-Hoc|iPhone
		{514EFFBF-F65F-438A-90A6-1FFE068431F4}.AppStore|Any CPU.ActiveCfg = AppStore|iPhoneSimulator
		{514EFFBF-F65F-438A-90A6-1FFE068431F4}.AppStore|ARM.ActiveCfg = AppStore|iPhone
		{514EFFBF-F65F-438A-90A6-1FFE068431F4}.AppStore|iPhone.ActiveCfg = AppStore|iPhone
		{514EFFBF-F65F-438A-90A6-1FFE068431F4}.AppStore|iPhone.Build.0 = AppStore|iPhone
		{514EFFBF-F65F-438A-90A6-1FFE068431F4}.AppStore|iPhoneSimulator.ActiveCfg = AppStore|iPhoneSimulator
		{514EFFBF-F65F-438A-90A6-1FFE068431F4}.AppStore|iPhoneSimulator.Build.0 = AppStore|iPhoneSimulator
		{514EFFBF-F65F-438A-90A6-1FFE068431F4}.AppStore|x64.ActiveCfg = AppStore|iPhone
		{514EFFBF-F65F-438A-90A6-1FFE068431F4}.AppStore|x86.ActiveCfg = AppStore|iPhone
		{514EFFBF-F65F-438A-90A6-1FFE068431F4}.Debug|Any CPU.ActiveCfg = Debug|iPhoneSimulator
		{514EFFBF-F65F-438A-90A6-1FFE068431F4}.Debug|ARM.ActiveCfg = Debug|iPhone
		{514EFFBF-F65F-438A-90A6-1FFE068431F4}.Debug|iPhone.ActiveCfg = Debug|iPhone
		{514EFFBF-F65F-438A-90A6-1FFE068431F4}.Debug|iPhone.Build.0 = Debug|iPhone
		{514EFFBF-F65F-438A-90A6-1FFE068431F4}.Debug|iPhoneSimulator.ActiveCfg = Debug|iPhoneSimulator
		{514EFFBF-F65F-438A-90A6-1FFE068431F4}.Debug|iPhoneSimulator.Build.0 = Debug|iPhoneSimulator
		{514EFFBF-F65F-438A-90A6-1FFE068431F4}.Debug|x64.ActiveCfg = Debug|iPhone
		{514EFFBF-F65F-438A-90A6-1FFE068431F4}.Debug|x86.ActiveCfg = Debug|iPhone
		{514EFFBF-F65F-438A-90A6-1FFE068431F4}.Release|Any CPU.ActiveCfg = Release|iPhoneSimulator
		{514EFFBF-F65F-438A-90A6-1FFE068431F4}.Release|ARM.ActiveCfg = Release|iPhone
		{514EFFBF-F65F-438A-90A6-1FFE068431F4}.Release|iPhone.ActiveCfg = Release|iPhone
		{514EFFBF-F65F-438A-90A6-1FFE068431F4}.Release|iPhone.Build.0 = Release|iPhone
		{514EFFBF-F65F-438A-90A6-1FFE068431F4}.Release|iPhoneSimulator.ActiveCfg = Release|iPhoneSimulator
		{514EFFBF-F65F-438A-90A6-1FFE068431F4}.Release|iPhoneSimulator.Build.0 = Release|iPhoneSimulator
		{514EFFBF-F65F-438A-90A6-1FFE068431F4}.Release|x64.ActiveCfg = Release|iPhone
		{514EFFBF-F65F-438A-90A6-1FFE068431F4}.Release|x86.ActiveCfg = Release|iPhone
		{2BAE9A2B-F790-425C-96FE-7B0CDC3BD9AC}.Ad-Hoc|Any CPU.ActiveCfg = Release|x86
		{2BAE9A2B-F790-425C-96FE-7B0CDC3BD9AC}.Ad-Hoc|Any CPU.Build.0 = Release|x86
		{2BAE9A2B-F790-425C-96FE-7B0CDC3BD9AC}.Ad-Hoc|Any CPU.Deploy.0 = Release|x86
		{2BAE9A2B-F790-425C-96FE-7B0CDC3BD9AC}.Ad-Hoc|ARM.ActiveCfg = Release|ARM
		{2BAE9A2B-F790-425C-96FE-7B0CDC3BD9AC}.Ad-Hoc|ARM.Build.0 = Release|ARM
		{2BAE9A2B-F790-425C-96FE-7B0CDC3BD9AC}.Ad-Hoc|ARM.Deploy.0 = Release|ARM
		{2BAE9A2B-F790-425C-96FE-7B0CDC3BD9AC}.Ad-Hoc|iPhone.ActiveCfg = Release|x86
		{2BAE9A2B-F790-425C-96FE-7B0CDC3BD9AC}.Ad-Hoc|iPhone.Build.0 = Release|x86
		{2BAE9A2B-F790-425C-96FE-7B0CDC3BD9AC}.Ad-Hoc|iPhone.Deploy.0 = Release|x86
		{2BAE9A2B-F790-425C-96FE-7B0CDC3BD9AC}.Ad-Hoc|iPhoneSimulator.ActiveCfg = Release|x86
		{2BAE9A2B-F790-425C-96FE-7B0CDC3BD9AC}.Ad-Hoc|iPhoneSimulator.Build.0 = Release|x86
		{2BAE9A2B-F790-425C-96FE-7B0CDC3BD9AC}.Ad-Hoc|iPhoneSimulator.Deploy.0 = Release|x86
		{2BAE9A2B-F790-425C-96FE-7B0CDC3BD9AC}.Ad-Hoc|x64.ActiveCfg = Release|x64
		{2BAE9A2B-F790-425C-96FE-7B0CDC3BD9AC}.Ad-Hoc|x64.Build.0 = Release|x64
		{2BAE9A2B-F790-425C-96FE-7B0CDC3BD9AC}.Ad-Hoc|x64.Deploy.0 = Release|x64
		{2BAE9A2B-F790-425C-96FE-7B0CDC3BD9AC}.Ad-Hoc|x86.ActiveCfg = Release|x86
		{2BAE9A2B-F790-425C-96FE-7B0CDC3BD9AC}.Ad-Hoc|x86.Build.0 = Release|x86
		{2BAE9A2B-F790-425C-96FE-7B0CDC3BD9AC}.Ad-Hoc|x86.Deploy.0 = Release|x86
		{2BAE9A2B-F790-425C-96FE-7B0CDC3BD9AC}.AppStore|Any CPU.ActiveCfg = Release|x86
		{2BAE9A2B-F790-425C-96FE-7B0CDC3BD9AC}.AppStore|Any CPU.Build.0 = Release|x86
		{2BAE9A2B-F790-425C-96FE-7B0CDC3BD9AC}.AppStore|Any CPU.Deploy.0 = Release|x86
		{2BAE9A2B-F790-425C-96FE-7B0CDC3BD9AC}.AppStore|ARM.ActiveCfg = Release|ARM
		{2BAE9A2B-F790-425C-96FE-7B0CDC3BD9AC}.AppStore|ARM.Build.0 = Release|ARM
		{2BAE9A2B-F790-425C-96FE-7B0CDC3BD9AC}.AppStore|ARM.Deploy.0 = Release|ARM
		{2BAE9A2B-F790-425C-96FE-7B0CDC3BD9AC}.AppStore|iPhone.ActiveCfg = Release|x86
		{2BAE9A2B-F790-425C-96FE-7B0CDC3BD9AC}.AppStore|iPhone.Build.0 = Release|x86
		{2BAE9A2B-F790-425C-96FE-7B0CDC3BD9AC}.AppStore|iPhone.Deploy.0 = Release|x86
		{2BAE9A2B-F790-425C-96FE-7B0CDC3BD9AC}.AppStore|iPhoneSimulator.ActiveCfg = Release|x86
		{2BAE9A2B-F790-425C-96FE-7B0CDC3BD9AC}.AppStore|iPhoneSimulator.Build.0 = Release|x86
		{2BAE9A2B-F790-425C-96FE-7B0CDC3BD9AC}.AppStore|iPhoneSimulator.Deploy.0 = Release|x86
		{2BAE9A2B-F790-425C-96FE-7B0CDC3BD9AC}.AppStore|x64.ActiveCfg = Release|x64
		{2BAE9A2B-F790-425C-96FE-7B0CDC3BD9AC}.AppStore|x64.Build.0 = Release|x64
		{2BAE9A2B-F790-425C-96FE-7B0CDC3BD9AC}.AppStore|x64.Deploy.0 = Release|x64
		{2BAE9A2B-F790-425C-96FE-7B0CDC3BD9AC}.AppStore|x86.ActiveCfg = Release|x86
		{2BAE9A2B-F790-425C-96FE-7B0CDC3BD9AC}.AppStore|x86.Build.0 = Release|x86
		{2BAE9A2B-F790-425C-96FE-7B0CDC3BD9AC}.AppStore|x86.Deploy.0 = Release|x86
		{2BAE9A2B-F790-425C-96FE-7B0CDC3BD9AC}.Debug|Any CPU.ActiveCfg = Debug|x86
		{2BAE9A2B-F790-425C-96FE-7B0CDC3BD9AC}.Debug|ARM.ActiveCfg = Debug|ARM
		{2BAE9A2B-F790-425C-96FE-7B0CDC3BD9AC}.Debug|ARM.Build.0 = Debug|ARM
		{2BAE9A2B-F790-425C-96FE-7B0CDC3BD9AC}.Debug|ARM.Deploy.0 = Debug|ARM
		{2BAE9A2B-F790-425C-96FE-7B0CDC3BD9AC}.Debug|iPhone.ActiveCfg = Debug|x86
		{2BAE9A2B-F790-425C-96FE-7B0CDC3BD9AC}.Debug|iPhoneSimulator.ActiveCfg = Debug|x86
		{2BAE9A2B-F790-425C-96FE-7B0CDC3BD9AC}.Debug|x64.ActiveCfg = Debug|x64
		{2BAE9A2B-F790-425C-96FE-7B0CDC3BD9AC}.Debug|x64.Build.0 = Debug|x64
		{2BAE9A2B-F790-425C-96FE-7B0CDC3BD9AC}.Debug|x64.Deploy.0 = Debug|x64
		{2BAE9A2B-F790-425C-96FE-7B0CDC3BD9AC}.Debug|x86.ActiveCfg = Debug|x86
		{2BAE9A2B-F790-425C-96FE-7B0CDC3BD9AC}.Debug|x86.Build.0 = Debug|x86
		{2BAE9A2B-F790-425C-96FE-7B0CDC3BD9AC}.Debug|x86.Deploy.0 = Debug|x86
		{2BAE9A2B-F790-425C-96FE-7B0CDC3BD9AC}.Release|Any CPU.ActiveCfg = Release|x86
		{2BAE9A2B-F790-425C-96FE-7B0CDC3BD9AC}.Release|ARM.ActiveCfg = Release|ARM
		{2BAE9A2B-F790-425C-96FE-7B0CDC3BD9AC}.Release|ARM.Build.0 = Release|ARM
		{2BAE9A2B-F790-425C-96FE-7B0CDC3BD9AC}.Release|ARM.Deploy.0 = Release|ARM
		{2BAE9A2B-F790-425C-96FE-7B0CDC3BD9AC}.Release|iPhone.ActiveCfg = Release|x86
		{2BAE9A2B-F790-425C-96FE-7B0CDC3BD9AC}.Release|iPhoneSimulator.ActiveCfg = Release|x86
		{2BAE9A2B-F790-425C-96FE-7B0CDC3BD9AC}.Release|x64.ActiveCfg = Release|x64
		{2BAE9A2B-F790-425C-96FE-7B0CDC3BD9AC}.Release|x64.Build.0 = Release|x64
		{2BAE9A2B-F790-425C-96FE-7B0CDC3BD9AC}.Release|x64.Deploy.0 = Release|x64
		{2BAE9A2B-F790-425C-96FE-7B0CDC3BD9AC}.Release|x86.ActiveCfg = Release|x86
		{2BAE9A2B-F790-425C-96FE-7B0CDC3BD9AC}.Release|x86.Build.0 = Release|x86
		{2BAE9A2B-F790-425C-96FE-7B0CDC3BD9AC}.Release|x86.Deploy.0 = Release|x86
	EndGlobalSection
	GlobalSection(SolutionProperties) = preSolution
		HideSolutionNode = FALSE
	EndGlobalSection
	GlobalSection(ExtensibilityGlobals) = postSolution
		SolutionGuid = {C65FF1AB-4917-4BE9-9642-5B50E9842A0E}
	EndGlobalSection
EndGlobal
